{
  "lockfile_version": "1",
  "packages": {
    "capnproto@1.0.2": {
      "last_modified": "2025-02-07T11:26:36Z",
      "resolved": "github:NixOS/nixpkgs/d98abf5cf5914e5e4e9d57205e3af55ca90ffc1d#capnproto",
      "source": "devbox-search",
      "version": "1.0.2",
      "systems": {
        "aarch64-darwin": {
          "outputs": [
            {
              "name": "out",
              "path": "/nix/store/kr1v8cc6g13gcq4dbahf4ds394wvxxl5-capnproto-1.0.2",
              "default": true
            }
          ],
          "store_path": "/nix/store/kr1v8cc6g13gcq4dbahf4ds394wvxxl5-capnproto-1.0.2"
        },
        "aarch64-linux": {
          "outputs": [
            {
              "name": "out",
              "path": "/nix/store/0p1ps0a54srbng2cahbf3fl3fgkmad1f-capnproto-1.0.2",
              "default": true
            }
          ],
          "store_path": "/nix/store/0p1ps0a54srbng2cahbf3fl3fgkmad1f-capnproto-1.0.2"
        },
        "x86_64-darwin": {
          "outputs": [
            {
              "name": "out",
              "path": "/nix/store/gj83b5lslfc1q3g4jg2wihsbxb3gh47m-capnproto-1.0.2",
              "default": true
            }
          ],
          "store_path": "/nix/store/gj83b5lslfc1q3g4jg2wihsbxb3gh47m-capnproto-1.0.2"
        },
        "x86_64-linux": {
          "outputs": [
            {
              "name": "out",
              "path": "/nix/store/g2lxw3s7bfmspfkc1vmdzs55b21ypvk7-capnproto-1.0.2",
              "default": true
            }
          ],
          "store_path": "/nix/store/g2lxw3s7bfmspfkc1vmdzs55b21ypvk7-capnproto-1.0.2"
        }
      }
    },
    "garble@0.14.1": {
      "last_modified": "2025-02-17T23:19:04Z",
      "resolved": "github:NixOS/nixpkgs/f0295845e58ada369322524631821b01c0db13a7#garble",
      "source": "devbox-search",
      "version": "0.14.1",
      "systems": {
        "aarch64-darwin": {
          "outputs": [
            {
              "name": "out",
              "path": "/nix/store/2n8rqngvsn4a4gfj75s3q171qnp06w59-garble-0.14.1",
              "default": true
            }
          ],
          "store_path": "/nix/store/2n8rqngvsn4a4gfj75s3q171qnp06w59-garble-0.14.1"
        },
        "aarch64-linux": {
          "outputs": [
            {
              "name": "out",
              "path": "/nix/store/4kmhbb1cjssgczsvpwii5qzvxsvcqxmi-garble-0.14.1",
              "default": true
            }
          ],
          "store_path": "/nix/store/4kmhbb1cjssgczsvpwii5qzvxsvcqxmi-garble-0.14.1"
        },
        "x86_64-darwin": {
          "outputs": [
            {
              "name": "out",
              "path": "/nix/store/17i5hdavxpzc17jyhb4hp3d1syfygkk1-garble-0.14.1",
              "default": true
            }
          ],
          "store_path": "/nix/store/17i5hdavxpzc17jyhb4hp3d1syfygkk1-garble-0.14.1"
        },
        "x86_64-linux": {
          "outputs": [
            {
              "name": "out",
              "path": "/nix/store/6dla3pkx1kv6fpjfbb67ghsa8q2ji5ly-garble-0.14.1",
              "default": true
            }
          ],
          "store_path": "/nix/store/6dla3pkx1kv6fpjfbb67ghsa8q2ji5ly-garble-0.14.1"
        }
      }
    },
    "go@1.25.0": {
      "last_modified": "2025-09-18T16:33:27Z",
      "resolved": "github:NixOS/nixpkgs/f4b140d5b253f5e2a1ff4e5506edbf8267724bde#go",
      "source": "devbox-search",
      "version": "1.25.0",
      "systems": {
        "aarch64-darwin": {
          "outputs": [
            {
              "name": "out",
              "path": "/nix/store/cr196bvbbai01r0w11p1inkzkdrqdx6y-go-1.25.0",
              "default": true
            }
          ],
          "store_path": "/nix/store/cr196bvbbai01r0w11p1inkzkdrqdx6y-go-1.25.0"
        },
        "aarch64-linux": {
          "outputs": [
            {
              "name": "out",
              "path": "/nix/store/yhcdwwikp86p2cpq0qr7di91ji63460s-go-1.25.0",
              "default": true
            }
          ],
          "store_path": "/nix/store/yhcdwwikp86p2cpq0qr7di91ji63460s-go-1.25.0"
        },
        "x86_64-darwin": {
          "outputs": [
            {
              "name": "out",
              "path": "/nix/store/hz7dfw13v8iff4vf6vbnqnlnd7wh7j5x-go-1.25.0",
              "default": true
            }
          ],
          "store_path": "/nix/store/hz7dfw13v8iff4vf6vbnqnlnd7wh7j5x-go-1.25.0"
        },
        "x86_64-linux": {
          "outputs": [
            {
              "name": "out",
              "path": "/nix/store/3fd683jfggglpshxprz9mi5sz8wd3c9p-go-1.25.0",
              "default": true
            }
          ],
          "store_path": "/nix/store/3fd683jfggglpshxprz9mi5sz8wd3c9p-go-1.25.0"
        }
      }
    },
    "golangci-lint@1.64.5": {
      "last_modified": "2025-02-16T21:44:05Z",
      "resolved": "github:NixOS/nixpkgs/f0204ef4baa3b6317dee1c84ddeffbd293638836#golangci-lint",
      "source": "devbox-search",
      "version": "1.64.5",
      "systems": {
        "aarch64-darwin": {
          "outputs": [
            {
              "name": "out",
              "path": "/nix/store/jh2f466rbi0pgk6f3w8jdzy4qyccybz3-golangci-lint-1.64.5",
              "default": true
            }
          ],
          "store_path": "/nix/store/jh2f466rbi0pgk6f3w8jdzy4qyccybz3-golangci-lint-1.64.5"
        },
        "aarch64-linux": {
          "outputs": [
            {
              "name": "out",
              "path": "/nix/store/63mvzwlqana7bfcy8jzmn3fvkn46k0p6-golangci-lint-1.64.5",
              "default": true
            }
          ],
          "store_path": "/nix/store/63mvzwlqana7bfcy8jzmn3fvkn46k0p6-golangci-lint-1.64.5"
        },
        "x86_64-darwin": {
          "outputs": [
            {
              "name": "out",
              "path": "/nix/store/d662i9k8p2alplmxc3bqypc646x7wy1b-golangci-lint-1.64.5",
              "default": true
            }
          ],
          "store_path": "/nix/store/d662i9k8p2alplmxc3bqypc646x7wy1b-golangci-lint-1.64.5"
        },
        "x86_64-linux": {
          "outputs": [
            {
              "name": "out",
              "path": "/nix/store/25732rsdh49iwjrik69sb9cfhiza00b5-golangci-lint-1.64.5",
              "default": true
            }
          ],
          "store_path": "/nix/store/25732rsdh49iwjrik69sb9cfhiza00b5-golangci-lint-1.64.5"
        }
      }
    },
    "natscli@0.1.5": {
      "last_modified": "2024-12-03T12:40:06Z",
      "resolved": "github:NixOS/nixpkgs/566e53c2ad750c84f6d31f9ccb9d00f823165550#natscli",
      "source": "devbox-search",
      "version": "0.1.5",
      "systems": {
        "aarch64-darwin": {
          "outputs": [
            {
              "name": "out",
              "path": "/nix/store/f83z15759b92497f04abib94wvhsiqcw-natscli-0.1.5",
              "default": true
            }
          ],
          "store_path": "/nix/store/f83z15759b92497f04abib94wvhsiqcw-natscli-0.1.5"
        },
        "aarch64-linux": {
          "outputs": [
            {
              "name": "out",
              "path": "/nix/store/1np08fd2qvmxpalcw2nsnsqc6g26k9xd-natscli-0.1.5",
              "default": true
            }
          ],
          "store_path": "/nix/store/1np08fd2qvmxpalcw2nsnsqc6g26k9xd-natscli-0.1.5"
        },
        "x86_64-darwin": {
          "outputs": [
            {
              "name": "out",
              "path": "/nix/store/0pghz84k152a97bim1hdd6m8i3az5yc9-natscli-0.1.5",
              "default": true
            }
          ],
          "store_path": "/nix/store/0pghz84k152a97bim1hdd6m8i3az5yc9-natscli-0.1.5"
        },
        "x86_64-linux": {
          "outputs": [
            {
              "name": "out",
              "path": "/nix/store/asy2p69f0g0yfg1iqblmx27g3ym6n7wq-natscli-0.1.5",
              "default": true
            }
          ],
          "store_path": "/nix/store/asy2p69f0g0yfg1iqblmx27g3ym6n7wq-natscli-0.1.5"
        }
      }
    }
  }
}
