{
  "lockfile_version": "1",
  "packages": {
    "capnproto@latest": {
      "last_modified": "2024-11-28T07:51:56Z",
      "resolved": "github:NixOS/nixpkgs/226216574ada4c3ecefcbbec41f39ce4655f78ef#capnproto",
      "source": "devbox-search",
      "version": "1.0.2",
      "systems": {
        "aarch64-darwin": {
          "outputs": [
            {
              "name": "out",
              "path": "/nix/store/4pwgqwsi99j4c67nl2c85zigld3ns9xp-capnproto-1.0.2",
              "default": true
            }
          ],
          "store_path": "/nix/store/4pwgqwsi99j4c67nl2c85zigld3ns9xp-capnproto-1.0.2"
        },
        "aarch64-linux": {
          "outputs": [
            {
              "name": "out",
              "path": "/nix/store/3s037aqnkm8mnyxbynyvdkj698pxahr4-capnproto-1.0.2",
              "default": true
            }
          ],
          "store_path": "/nix/store/3s037aqnkm8mnyxbynyvdkj698pxahr4-capnproto-1.0.2"
        },
        "x86_64-darwin": {
          "outputs": [
            {
              "name": "out",
              "path": "/nix/store/4ciiwqfvay44lwk91n910fyh4wls04v4-capnproto-1.0.2",
              "default": true
            }
          ],
          "store_path": "/nix/store/4ciiwqfvay44lwk91n910fyh4wls04v4-capnproto-1.0.2"
        },
        "x86_64-linux": {
          "outputs": [
            {
              "name": "out",
              "path": "/nix/store/0ip13lgfhmdz392cj4ld11w5g0a05h62-capnproto-1.0.2",
              "default": true
            }
          ],
          "store_path": "/nix/store/0ip13lgfhmdz392cj4ld11w5g0a05h62-capnproto-1.0.2"
        }
      }
    },
    "garble@latest": {
      "last_modified": "2024-11-28T07:51:56Z",
      "resolved": "github:NixOS/nixpkgs/226216574ada4c3ecefcbbec41f39ce4655f78ef#garble",
      "source": "devbox-search",
      "version": "0.13.0",
      "systems": {
        "aarch64-darwin": {
          "outputs": [
            {
              "name": "out",
              "path": "/nix/store/rrbxkb4ns57x4vcmpm3yln655a07lhwl-garble-0.13.0",
              "default": true
            }
          ],
          "store_path": "/nix/store/rrbxkb4ns57x4vcmpm3yln655a07lhwl-garble-0.13.0"
        },
        "aarch64-linux": {
          "outputs": [
            {
              "name": "out",
              "path": "/nix/store/2m7rbx7xr6l0mhcilbd4fb44xlmyix6n-garble-0.13.0",
              "default": true
            }
          ],
          "store_path": "/nix/store/2m7rbx7xr6l0mhcilbd4fb44xlmyix6n-garble-0.13.0"
        },
        "x86_64-darwin": {
          "outputs": [
            {
              "name": "out",
              "path": "/nix/store/gy0ygrnkv2z4mbls2nkbbwi06gsxq0f6-garble-0.13.0",
              "default": true
            }
          ],
          "store_path": "/nix/store/gy0ygrnkv2z4mbls2nkbbwi06gsxq0f6-garble-0.13.0"
        },
        "x86_64-linux": {
          "outputs": [
            {
              "name": "out",
              "path": "/nix/store/mzlrqfawi14v0mn7vpa6qw8n58b0ra15-garble-0.13.0",
              "default": true
            }
          ],
          "store_path": "/nix/store/mzlrqfawi14v0mn7vpa6qw8n58b0ra15-garble-0.13.0"
        }
      }
    },
    "go@1.24": {
      "last_modified": "2025-02-12T00:10:52Z",
      "resolved": "github:NixOS/nixpkgs/83a2581c81ff5b06f7c1a4e7cc736a455dfcf7b4#go_1_24",
      "source": "devbox-search",
      "version": "1.24.0",
      "systems": {
        "aarch64-darwin": {
          "outputs": [
            {
              "name": "out",
              "path": "/nix/store/qldcnifalkvyah0wnv7m4zb854yd9l88-go-1.24.0",
              "default": true
            }
          ],
          "store_path": "/nix/store/qldcnifalkvyah0wnv7m4zb854yd9l88-go-1.24.0"
        },
        "aarch64-linux": {
          "outputs": [
            {
              "name": "out",
              "path": "/nix/store/rrxgml7w4pfmibjbspkdvrw8vd2vnarb-go-1.24.0",
              "default": true
            }
          ],
          "store_path": "/nix/store/rrxgml7w4pfmibjbspkdvrw8vd2vnarb-go-1.24.0"
        },
        "x86_64-darwin": {
          "outputs": [
            {
              "name": "out",
              "path": "/nix/store/7imv22pl4qrjwvi6jzlfb305rc2min45-go-1.24.0",
              "default": true
            }
          ],
          "store_path": "/nix/store/7imv22pl4qrjwvi6jzlfb305rc2min45-go-1.24.0"
        },
        "x86_64-linux": {
          "outputs": [
            {
              "name": "out",
              "path": "/nix/store/vh5d5bj1sljdhdypy80x1ydx2jx6rv2q-go-1.24.0",
              "default": true
            }
          ],
          "store_path": "/nix/store/vh5d5bj1sljdhdypy80x1ydx2jx6rv2q-go-1.24.0"
        }
      }
    },
    "golangci-lint@1.62.0": {
      "last_modified": "2024-11-16T04:25:12Z",
      "resolved": "github:NixOS/nixpkgs/34a626458d686f1b58139620a8b2793e9e123bba#golangci-lint",
      "source": "devbox-search",
      "version": "1.62.0",
      "systems": {
        "aarch64-darwin": {
          "outputs": [
            {
              "name": "out",
              "path": "/nix/store/3n3m7z2y3wsgsd69r551jqqc1zrq8lwj-golangci-lint-1.62.0",
              "default": true
            }
          ],
          "store_path": "/nix/store/3n3m7z2y3wsgsd69r551jqqc1zrq8lwj-golangci-lint-1.62.0"
        },
        "aarch64-linux": {
          "outputs": [
            {
              "name": "out",
              "path": "/nix/store/kcp7197947lansarn4x4ddnyh8m7hw0z-golangci-lint-1.62.0",
              "default": true
            }
          ],
          "store_path": "/nix/store/kcp7197947lansarn4x4ddnyh8m7hw0z-golangci-lint-1.62.0"
        },
        "x86_64-darwin": {
          "outputs": [
            {
              "name": "out",
              "path": "/nix/store/ymg3531fpln5b8bfwnf9gq7c1sr81f2y-golangci-lint-1.62.0",
              "default": true
            }
          ],
          "store_path": "/nix/store/ymg3531fpln5b8bfwnf9gq7c1sr81f2y-golangci-lint-1.62.0"
        },
        "x86_64-linux": {
          "outputs": [
            {
              "name": "out",
              "path": "/nix/store/3vzfj43k05qsxdhiphw60j3gfvv6yhak-golangci-lint-1.62.0",
              "default": true
            }
          ],
          "store_path": "/nix/store/3vzfj43k05qsxdhiphw60j3gfvv6yhak-golangci-lint-1.62.0"
        }
      }
    },
    "hugo@latest": {
      "last_modified": "2025-02-07T11:26:36Z",
      "resolved": "github:NixOS/nixpkgs/d98abf5cf5914e5e4e9d57205e3af55ca90ffc1d#hugo",
      "source": "devbox-search",
      "version": "0.143.0",
      "systems": {
        "aarch64-darwin": {
          "outputs": [
            {
              "name": "out",
              "path": "/nix/store/6j6py1jcp5n2sh1p3ksskhjc33vjyga9-hugo-0.143.0",
              "default": true
            }
          ],
          "store_path": "/nix/store/6j6py1jcp5n2sh1p3ksskhjc33vjyga9-hugo-0.143.0"
        },
        "aarch64-linux": {
          "outputs": [
            {
              "name": "out",
              "path": "/nix/store/h22mcig2r7y1az488nncnpskal07csl9-hugo-0.143.0",
              "default": true
            }
          ],
          "store_path": "/nix/store/h22mcig2r7y1az488nncnpskal07csl9-hugo-0.143.0"
        },
        "x86_64-darwin": {
          "outputs": [
            {
              "name": "out",
              "path": "/nix/store/kly0866bbxhd16k6acjkqxw5ngh6i0ws-hugo-0.143.0",
              "default": true
            }
          ],
          "store_path": "/nix/store/kly0866bbxhd16k6acjkqxw5ngh6i0ws-hugo-0.143.0"
        },
        "x86_64-linux": {
          "outputs": [
            {
              "name": "out",
              "path": "/nix/store/vn0sn422kq2d87g06x20dg4y6fm76r9l-hugo-0.143.0",
              "default": true
            }
          ],
          "store_path": "/nix/store/vn0sn422kq2d87g06x20dg4y6fm76r9l-hugo-0.143.0"
        }
      }
    },
    "natscli@latest": {
      "last_modified": "2024-11-16T04:25:12Z",
      "resolved": "github:NixOS/nixpkgs/34a626458d686f1b58139620a8b2793e9e123bba#natscli",
      "source": "devbox-search",
      "version": "0.1.5",
      "systems": {
        "aarch64-darwin": {
          "outputs": [
            {
              "name": "out",
              "path": "/nix/store/67j5838b0jvmkxk0ffx4hqzsfig9v90k-natscli-0.1.5",
              "default": true
            }
          ],
          "store_path": "/nix/store/67j5838b0jvmkxk0ffx4hqzsfig9v90k-natscli-0.1.5"
        },
        "aarch64-linux": {
          "outputs": [
            {
              "name": "out",
              "path": "/nix/store/0llydlszi0j4v76dw0jfvbzsric9q9k0-natscli-0.1.5",
              "default": true
            }
          ],
          "store_path": "/nix/store/0llydlszi0j4v76dw0jfvbzsric9q9k0-natscli-0.1.5"
        },
        "x86_64-darwin": {
          "outputs": [
            {
              "name": "out",
              "path": "/nix/store/gz79kdv1i8zy9lm7wgvm27sadf69zyd8-natscli-0.1.5",
              "default": true
            }
          ],
          "store_path": "/nix/store/gz79kdv1i8zy9lm7wgvm27sadf69zyd8-natscli-0.1.5"
        },
        "x86_64-linux": {
          "outputs": [
            {
              "name": "out",
              "path": "/nix/store/wccr8617k2kg63l8wx7v0gn6k6dkanac-natscli-0.1.5",
              "default": true
            }
          ],
          "store_path": "/nix/store/wccr8617k2kg63l8wx7v0gn6k6dkanac-natscli-0.1.5"
        }
      }
    },
    "upx@latest": {
      "last_modified": "2024-11-28T07:51:56Z",
      "resolved": "github:NixOS/nixpkgs/226216574ada4c3ecefcbbec41f39ce4655f78ef#upx",
      "source": "devbox-search",
      "version": "4.2.4",
      "systems": {
        "aarch64-darwin": {
          "outputs": [
            {
              "name": "out",
              "path": "/nix/store/64c4minfnwlhh1sj2jy8i3ww7ml2mink-upx-4.2.4",
              "default": true
            }
          ],
          "store_path": "/nix/store/64c4minfnwlhh1sj2jy8i3ww7ml2mink-upx-4.2.4"
        },
        "aarch64-linux": {
          "outputs": [
            {
              "name": "out",
              "path": "/nix/store/nvgccy2ny20cjisx5prj55y7qp7k1xr8-upx-4.2.4",
              "default": true
            }
          ],
          "store_path": "/nix/store/nvgccy2ny20cjisx5prj55y7qp7k1xr8-upx-4.2.4"
        },
        "x86_64-darwin": {
          "outputs": [
            {
              "name": "out",
              "path": "/nix/store/dl1zzs2i55m0chmbsknz26nv0h8asfph-upx-4.2.4",
              "default": true
            }
          ],
          "store_path": "/nix/store/dl1zzs2i55m0chmbsknz26nv0h8asfph-upx-4.2.4"
        },
        "x86_64-linux": {
          "outputs": [
            {
              "name": "out",
              "path": "/nix/store/z8caslgrp9m5d1cw0vndk3j231rcaan6-upx-4.2.4",
              "default": true
            }
          ],
          "store_path": "/nix/store/z8caslgrp9m5d1cw0vndk3j231rcaan6-upx-4.2.4"
        }
      }
    }
  }
}
