capnproto.org/go/capnp/v3 v3.1.0-alpha.2 h1:93ISpqHf2/3WQlfrBP0tT8Dg/RQc3uq6DV36vN0ePWk=
capnproto.org/go/capnp/v3 v3.1.0-alpha.2/go.mod h1:2vT5D2dtG8sJGEoEKU17e+j7shdaYp1Myl8X03B3hmc=
github.com/antithesishq/antithesis-sdk-go v0.7.0 h1:uWDG8BqLD1lI2ps38WDz2vXflrTX2+vLX0SvZtztJtE=
github.com/antithesishq/antithesis-sdk-go v0.7.0/go.mod h1:FQyySiasQQM8735Ddel3MRojmy4dA1IqCeyJ5jmPMbI=
github.com/colega/zeropool v0.0.0-20230505084239-6fb4a4f75381 h1:d5EKgQfRQvO97jnISfR89AiCCCJMwMFoSxUiU0OGCRU=
github.com/colega/zeropool v0.0.0-20230505084239-6fb4a4f75381/go.mod h1:OU76gHeRo8xrzGJU3F3I1CqX1ekM8dfJw0+wPeMwnp0=
github.com/davecgh/go-spew v1.1.2-0.20180830191138-d8f796af33cc h1:U9qPSI2PIWSS1VwoXQT9A3Wy9MM3WgvqSxFWenqJduM=
github.com/davecgh/go-spew v1.1.2-0.20180830191138-d8f796af33cc/go.mod h1:J7Y8YcW2NihsgmVo/mv3lAwl/skON4iLHjSsI+c5H38=
github.com/deepnoodle-ai/risor/v2 v2.1.0 h1:2MasWe0uJUNIaKvmd0ru1a64eXGdGakV3KlrxPNUH9g=
github.com/deepnoodle-ai/risor/v2 v2.1.0/go.mod h1:XwfyjmojSwk5HQkWsNhrkxu6MqpsXG1XGVNXyQ+c3Zo=
github.com/deepnoodle-ai/wonton v0.0.29 h1:ypjEoD8gUCvQwjJ1O8d8FZRlXWsxM68BYyFoa2OxtI0=
github.com/deepnoodle-ai/wonton v0.0.29/go.mod h1:oyogeHwAHPrVxZ7jtik55Jnj6CwC1jkF+PfHpCRlUGA=
github.com/foohq/foojank-proto/go/agent v0.0.0-20260320075034-4f07002586ba h1:m+/V2dQNgDNS0mkfKzxBRIk3YJfof+wg8jEv+kdLnAw=
github.com/foohq/foojank-proto/go/agent v0.0.0-20260320075034-4f07002586ba/go.mod h1:E4dRDkaX0ohpnBkHmc3KXK1txXuAeNUnubutnsEmkC0=
github.com/foohq/ren v0.2.0-rc2 h1:yBxoaKHg6gQaC2u7irAANrYCTLdO2Q8XqQ02fcnULQc=
github.com/foohq/ren v0.2.0-rc2/go.mod h1:ah+dbKUgJy8X7EG/QuMq5Kbsn7tqR8CiYtHfCvcURk8=
github.com/foohq/ren-memfs v0.0.0-20260414063427-182fdf01cc45 h1:vZ+la0OOxGytfcc7h8grasz+qwpNSlZNvailG5n8FBo=
github.com/foohq/ren-memfs v0.0.0-20260414063427-182fdf01cc45/go.mod h1:HJv0rzpa0L5lUAhgoXwcHm2dttOjn92usSMzKuO5/l0=
github.com/foohq/ren-natsfs v0.0.0-20260414063815-487081cc8ffc h1:oY6fpUqPW44HZ114gnxNI0aMz++iTSUqPwiFxJFIDdA=
github.com/foohq/ren-natsfs v0.0.0-20260414063815-487081cc8ffc/go.mod h1:8BVpact7sybM56dmn/DaaV0m59A2uaOgR30b9sfuh9g=
github.com/foohq/urlpath v0.2.0 h1:oI3guHVfj4tdm1H5uqu3epiZsCG3dyxlGltxJ3yIm+E=
github.com/foohq/urlpath v0.2.0/go.mod h1:OVGPQbQNK7Zx7MTFFw5Mb/tiWjRJ8C6H86z5WqXAlGQ=
github.com/google/go-cmp v0.7.0 h1:wk8382ETsv4JYUZwIsn6YpYiWiBsYLSJiTsyBybVuN8=
github.com/google/go-cmp v0.7.0/go.mod h1:pXiqmnSA92OHEEa9HXL2W4E7lf9JzCmGVUdgjX3N/iU=
github.com/google/go-tpm v0.9.8 h1:slArAR9Ft+1ybZu0lBwpSmpwhRXaa85hWtMinMyRAWo=
github.com/google/go-tpm v0.9.8/go.mod h1:h9jEsEECg7gtLis0upRBQU+GhYVH6jMjrFxI8u6bVUY=
github.com/klauspost/compress v1.18.5 h1:/h1gH5Ce+VWNLSWqPzOVn6XBO+vJbCNGvjoaGBFW2IE=
github.com/klauspost/compress v1.18.5/go.mod h1:cwPg85FWrGar70rWktvGQj8/hthj3wpl0PGDogxkrSQ=
github.com/kr/pretty v0.3.1 h1:flRD4NNwYAUpkphVc1HcthR4KEIFJ65n8Mw5qdRn3LE=
github.com/kr/pretty v0.3.1/go.mod h1:hoEshYVHaxMs3cyo3Yncou5ZscifuDolrwPKZanG3xk=
github.com/kr/text v0.2.0 h1:5Nx0Ya0ZqY2ygV366QzturHI13Jq95ApcVaJBhpS+AY=
github.com/kr/text v0.2.0/go.mod h1:eLer722TekiGuMkidMxC/pM04lWEeraHUUmBw8l2grE=
github.com/lmittmann/tint v1.1.3 h1:Hv4EaHWXQr+GTFnOU4VKf8UvAtZgn0VuKT+G0wFlO3I=
github.com/lmittmann/tint v1.1.3/go.mod h1:HIS3gSy7qNwGCj+5oRjAutErFBl4BzdQP6cJZ0NfMwE=
github.com/minio/highwayhash v1.0.4 h1:asJizugGgchQod2ja9NJlGOWq4s7KsAWr5XUc9Clgl4=
github.com/minio/highwayhash v1.0.4/go.mod h1:GGYsuwP/fPD6Y9hMiXuapVvlIUEhFhMTh0rxU3ik1LQ=
github.com/nats-io/jwt/v2 v2.8.1 h1:V0xpGuD/N8Mi+fQNDynXohVvp7ZztevW5io8CUWlPmU=
github.com/nats-io/jwt/v2 v2.8.1/go.mod h1:nWnOEEiVMiKHQpnAy4eXlizVEtSfzacZ1Q43LIRavZg=
github.com/nats-io/nats-server/v2 v2.12.6 h1:Egbx9Vl7Ch8wTtpXPGqbehkZ+IncKqShUxvrt1+Enc8=
github.com/nats-io/nats-server/v2 v2.12.6/go.mod h1:4HPlrvtmSO3yd7KcElDNMx9kv5EBJBnJJzQPptXlheo=
github.com/nats-io/nats.go v1.50.0 h1:5zAeQrTvyrKrWLJ0fu02W3br8ym57qf7csDzgLOpcds=
github.com/nats-io/nats.go v1.50.0/go.mod h1:26HypzazeOkyO3/mqd1zZd53STJN0EjCYF9Uy2ZOBno=
github.com/nats-io/nkeys v0.4.15 h1:JACV5jRVO9V856KOapQ7x+EY8Jo3qw1vJt/9Jpwzkk4=
github.com/nats-io/nkeys v0.4.15/go.mod h1:CpMchTXC9fxA5zrMo4KpySxNjiDVvr8ANOSZdiNfUrs=
github.com/nats-io/nuid v1.0.1 h1:5iA8DT8V7q8WK2EScv2padNa/rTESc1KdnPw4TC2paw=
github.com/nats-io/nuid v1.0.1/go.mod h1:19wcPz3Ph3q0Jbyiqsd0kePYG7A95tJPxeL+1OSON2c=
github.com/philhofer/fwd v1.1.2 h1:bnDivRJ1EWPjUIRXV5KfORO897HTbpFAQddBdE8t7Gw=
github.com/philhofer/fwd v1.1.2/go.mod h1:qkPdfjR2SIEbspLqpe1tO4n5yICnr2DY7mqEx2tUTP0=
github.com/pmezard/go-difflib v1.0.1-0.20181226105442-5d4384ee4fb2 h1:Jamvg5psRIccs7FGNTlIRMkT8wgtp5eCXdBlqhYGL6U=
github.com/pmezard/go-difflib v1.0.1-0.20181226105442-5d4384ee4fb2/go.mod h1:iKH77koFhYxTK1pcRnkKkqfTogsbg7gZNVY4sRDYZ/4=
github.com/rogpeppe/go-internal v1.13.1 h1:KvO1DLK/DRN07sQ1LQKScxyZJuNnedQ5/wKSR38lUII=
github.com/rogpeppe/go-internal v1.13.1/go.mod h1:uMEvuHeurkdAXX61udpOXGD/AzZDWNMNyH2VO9fmH0o=
github.com/stretchr/objx v0.5.3 h1:jmXUvGomnU1o3W/V5h2VEradbpJDwGrzugQQvL0POH4=
github.com/stretchr/objx v0.5.3/go.mod h1:rDQraq+vQZU7Fde9LOZLr8Tax6zZvy4kuNKF+QYS+U0=
github.com/stretchr/testify v1.11.1 h1:7s2iGBzp5EwR7/aIZr8ao5+dra3wiQyKjjFuvgVKu7U=
github.com/stretchr/testify v1.11.1/go.mod h1:wZwfW3scLgRK+23gO65QZefKpKQRnfz6sD981Nm4B6U=
github.com/tinylib/msgp v1.1.9 h1:SHf3yoO2sGA0veCJeCBYLHuttAVFHGm2RHgNodW7wQU=
github.com/tinylib/msgp v1.1.9/go.mod h1:BCXGB54lDD8qUEPmiG0cQQUANC4IUQyB2ItS2UDlO/k=
github.com/tj/assert v0.0.3 h1:Df/BlaZ20mq6kuai7f5z2TvPFiwC3xaWJSDQNiIS3Rk=
github.com/tj/assert v0.0.3/go.mod h1:Ne6X72Q+TB1AteidzQncjw9PabbMp4PBMZ1k+vd1Pvk=
github.com/u-root/u-root v0.16.0 h1:wY40O83MBVks97+Is0WlFlOPSwKQMIrWP9R1IsrExg8=
github.com/u-root/u-root v0.16.0/go.mod h1:yL/XdSSW27PdGLgUh4MNRBy54mKM+TBLzpwiB4nwj90=
golang.org/x/crypto v0.50.0 h1:zO47/JPrL6vsNkINmLoo/PH1gcxpls50DNogFvB5ZGI=
golang.org/x/crypto v0.50.0/go.mod h1:3muZ7vA7PBCE6xgPX7nkzzjiUq87kRItoJQM1Yo8S+Q=
golang.org/x/sync v0.20.0 h1:e0PTpb7pjO8GAtTs2dQ6jYa5BWYlMuX047Dco/pItO4=
golang.org/x/sync v0.20.0/go.mod h1:9xrNwdLfx4jkKbNva9FpL6vEN7evnE43NNNJQ2LF3+0=
golang.org/x/sys v0.21.0/go.mod h1:/VUhepiaJMQUp4+oa/7Zr1D23ma6VTLIYjOOTFZPUcA=
golang.org/x/sys v0.43.0 h1:Rlag2XtaFTxp19wS8MXlJwTvoh8ArU6ezoyFsMyCTNI=
golang.org/x/sys v0.43.0/go.mod h1:4GL1E5IUh+htKOUEOaiffhrAeqysfVGipDYzABqnCmw=
golang.org/x/time v0.15.0 h1:bbrp8t3bGUeFOx08pvsMYRTCVSMk89u4tKbNOZbp88U=
golang.org/x/time v0.15.0/go.mod h1:Y4YMaQmXwGQZoFaVFk4YpCt4FLQMYKZe9oeV/f4MSno=
gopkg.in/check.v1 v0.0.0-20161208181325-20d25e280405/go.mod h1:Co6ibVJAznAaIkqp8huTwlJQCZ016jof/cbN4VW5Yz0=
gopkg.in/check.v1 v1.0.0-20201130134442-10cb98267c6c h1:Hei/4ADfdWqJk1ZMxUNpqntNwaWcugrBjAiHlqqRiVk=
gopkg.in/check.v1 v1.0.0-20201130134442-10cb98267c6c/go.mod h1:JHkPIbrfpd72SG/EVd6muEfDQjcINNoR0C8j2r3qZ4Q=
gopkg.in/yaml.v3 v3.0.1 h1:fxVm/GzAzEWqLHuvctI91KS9hhNmmWOoWu0XTYJS7CA=
gopkg.in/yaml.v3 v3.0.1/go.mod h1:K4uyk7z7BCEPqu6E+C64Yfv1cQ7kz7rIZviUmN+EgEM=
